
Microsoft Visual Studio Solution File, Format Version 12.00
# Visual Studio 14
VisualStudioVersion = 14.0.23107.0
MinimumVisualStudioVersion = 10.0.40219.1
Project("{FAE04EC0-301F-11D3-BF4B-00C04F79EFBC}") = "Wpf2", "Wpf2\Wpf2.csproj", "{A81536EC-E44C-42DE-A1AC-FC1FA7DE5FA6}"
EndProject
Global
	GlobalSection(SolutionConfigurationPlatforms) = preSolution
		Debug|Any CPU = Debug|Any CPU
		Release|Any CPU = Release|Any CPU
	EndGlobalSection
	GlobalSection(ProjectConfigurationPlatforms) = postSolution
		{A81536EC-E44C-42DE-A1AC-FC1FA7DE5FA6}.Debug|Any CPU.ActiveCfg = Debug|Any CPU
		{A81536EC-E44C-42DE-A1AC-FC1FA7DE5FA6}.Debug|Any CPU.Build.0 = Debug|Any CPU
		{A81536EC-E44C-42DE-A1AC-FC1FA7DE5FA6}.Release|Any CPU.ActiveCfg = Release|Any CPU
		{A81536EC-E44C-42DE-A1AC-FC1FA7DE5FA6}.Release|Any CPU.Build.0 = Release|Any CPU
	EndGlobalSection
	GlobalSection(SolutionProperties) = preSolution
		HideSolutionNode = FALSE
	EndGlobalSection
EndGlobal
